{
  "version": 4,
  "terraform_version": "1.5.7",
  "serial": 30,
  "lineage": "b018e1a8-47df-c92c-4ffb-e0a59ce1f091",
  "outputs": {},
  "resources": [
    {
      "mode": "managed",
      "type": "snowflake_database",
      "name": "bronze",
      "provider": "provider[\"registry.terraform.io/snowflake-labs/snowflake\"]",
      "instances": [
        {
          "schema_version": 0,
          "attributes": {
            "comment": "",
            "data_retention_time_in_days": -1,
            "from_database": null,
            "from_replica": null,
            "from_share": null,
            "id": "MFG_BRONZE_DB",
            "is_transient": false,
            "name": "MFG_BRONZE_DB",
            "replication_configuration": []
          },
          "sensitive_attributes": [],
          "private": "bnVsbA=="
        }
      ]
    },
    {
      "mode": "managed",
      "type": "snowflake_database",
      "name": "gold",
      "provider": "provider[\"registry.terraform.io/snowflake-labs/snowflake\"]",
      "instances": [
        {
          "schema_version": 0,
          "attributes": {
            "comment": "",
            "data_retention_time_in_days": -1,
            "from_database": null,
            "from_replica": null,
            "from_share": null,
            "id": "MFG_GOLD_DB",
            "is_transient": false,
            "name": "MFG_GOLD_DB",
            "replication_configuration": []
          },
          "sensitive_attributes": [],
          "private": "bnVsbA=="
        }
      ]
    },
    {
      "mode": "managed",
      "type": "snowflake_database",
      "name": "silver",
      "provider": "provider[\"registry.terraform.io/snowflake-labs/snowflake\"]",
      "instances": [
        {
          "schema_version": 0,
          "attributes": {
            "comment": "",
            "data_retention_time_in_days": -1,
            "from_database": null,
            "from_replica": null,
            "from_share": null,
            "id": "MFG_SILVER_DB",
            "is_transient": false,
            "name": "MFG_SILVER_DB",
            "replication_configuration": []
          },
          "sensitive_attributes": [],
          "private": "bnVsbA=="
        }
      ]
    },
    {
      "mode": "managed",
      "type": "snowflake_schema",
      "name": "bronze_raw",
      "provider": "provider[\"registry.terraform.io/snowflake-labs/snowflake\"]",
      "instances": [
        {
          "schema_version": 0,
          "attributes": {
            "comment": "",
            "data_retention_days": -1,
            "database": "MFG_BRONZE_DB",
            "id": "MFG_BRONZE_DB|RAW_DATA",
            "is_managed": false,
            "is_transient": false,
            "name": "RAW_DATA",
            "tag": []
          },
          "sensitive_attributes": [],
          "private": "bnVsbA==",
          "dependencies": [
            "snowflake_database.bronze"
          ]
        }
      ]
    },
    {
      "mode": "managed",
      "type": "snowflake_schema",
      "name": "external_stages",
      "provider": "provider[\"registry.terraform.io/snowflake-labs/snowflake\"]",
      "instances": [
        {
          "schema_version": 0,
          "attributes": {
            "comment": "",
            "data_retention_days": -1,
            "database": "MFG_BRONZE_DB",
            "id": "MFG_BRONZE_DB|EXTERNAL_STAGES",
            "is_managed": false,
            "is_transient": false,
            "name": "EXTERNAL_STAGES",
            "tag": []
          },
          "sensitive_attributes": [],
          "private": "bnVsbA==",
          "dependencies": [
            "snowflake_database.bronze"
          ]
        }
      ]
    },
    {
      "mode": "managed",
      "type": "snowflake_schema",
      "name": "gold_marts",
      "provider": "provider[\"registry.terraform.io/snowflake-labs/snowflake\"]",
      "instances": [
        {
          "schema_version": 0,
          "attributes": {
            "comment": "",
            "data_retention_days": -1,
            "database": "MFG_GOLD_DB",
            "id": "MFG_GOLD_DB|DATA_MARTS",
            "is_managed": false,
            "is_transient": false,
            "name": "DATA_MARTS",
            "tag": []
          },
          "sensitive_attributes": [],
          "private": "bnVsbA==",
          "dependencies": [
            "snowflake_database.gold"
          ]
        }
      ]
    },
    {
      "mode": "managed",
      "type": "snowflake_schema",
      "name": "kafka_ingest",
      "provider": "provider[\"registry.terraform.io/snowflake-labs/snowflake\"]",
      "instances": [
        {
          "schema_version": 0,
          "attributes": {
            "comment": "",
            "data_retention_days": -1,
            "database": "MFG_BRONZE_DB",
            "id": "MFG_BRONZE_DB|KAFKA_INGEST",
            "is_managed": false,
            "is_transient": false,
            "name": "KAFKA_INGEST",
            "tag": []
          },
          "sensitive_attributes": [],
          "private": "bnVsbA==",
          "dependencies": [
            "snowflake_database.bronze"
          ]
        }
      ]
    },
    {
      "mode": "managed",
      "type": "snowflake_schema",
      "name": "silver_stg",
      "provider": "provider[\"registry.terraform.io/snowflake-labs/snowflake\"]",
      "instances": [
        {
          "schema_version": 0,
          "attributes": {
            "comment": "",
            "data_retention_days": -1,
            "database": "MFG_SILVER_DB",
            "id": "MFG_SILVER_DB|STAGING_CLEANED",
            "is_managed": false,
            "is_transient": false,
            "name": "STAGING_CLEANED",
            "tag": []
          },
          "sensitive_attributes": [],
          "private": "bnVsbA==",
          "dependencies": [
            "snowflake_database.silver"
          ]
        }
      ]
    },
    {
      "mode": "managed",
      "type": "snowflake_stage",
      "name": "mfg_internal_landing",
      "provider": "provider[\"registry.terraform.io/snowflake-labs/snowflake\"]",
      "instances": [
        {
          "schema_version": 0,
          "attributes": {
            "aws_external_id": "",
            "comment": "",
            "copy_options": "",
            "credentials": null,
            "database": "MFG_BRONZE_DB",
            "directory": "",
            "encryption": null,
            "file_format": "",
            "id": "MFG_BRONZE_DB|EXTERNAL_STAGES|MFG_INTERNAL_STAGE",
            "name": "MFG_INTERNAL_STAGE",
            "schema": "EXTERNAL_STAGES",
            "snowflake_iam_user": "",
            "storage_integration": "",
            "tag": [],
            "url": ""
          },
          "sensitive_attributes": [],
          "private": "bnVsbA==",
          "dependencies": [
            "snowflake_database.bronze",
            "snowflake_schema.external_stages"
          ]
        }
      ]
    },
    {
      "mode": "managed",
      "type": "snowflake_table",
      "name": "raw_sensor_stream",
      "provider": "provider[\"registry.terraform.io/snowflake-labs/snowflake\"]",
      "instances": [
        {
          "schema_version": 0,
          "attributes": {
            "change_tracking": false,
            "cluster_by": [],
            "column": [
              {
                "collate": "",
                "comment": "",
                "default": [],
                "identity": [],
                "masking_policy": "",
                "name": "RECORD_CONTENT",
                "nullable": true,
                "type": "VARIANT"
              },
              {
                "collate": "",
                "comment": "",
                "default": [],
                "identity": [],
                "masking_policy": "",
                "name": "RECORD_METADATA",
                "nullable": true,
                "type": "VARIANT"
              },
              {
                "collate": "",
                "comment": "",
                "default": [
                  {
                    "constant": "",
                    "expression": "CURRENT_TIMESTAMP()",
                    "sequence": ""
                  }
                ],
                "identity": [],
                "masking_policy": "",
                "name": "INGESTED_AT",
                "nullable": true,
                "type": "TIMESTAMP_NTZ(9)"
              }
            ],
            "comment": "",
            "data_retention_time_in_days": -1,
            "database": "MFG_BRONZE_DB",
            "id": "MFG_BRONZE_DB|KAFKA_INGEST|RAW_SENSOR_STREAM",
            "name": "RAW_SENSOR_STREAM",
            "owner": "ACCOUNTADMIN",
            "primary_key": [],
            "qualified_name": "\"MFG_BRONZE_DB\".\"KAFKA_INGEST\".\"RAW_SENSOR_STREAM\"",
            "schema": "KAFKA_INGEST",
            "tag": []
          },
          "sensitive_attributes": [],
          "private": "bnVsbA==",
          "dependencies": [
            "snowflake_database.bronze",
            "snowflake_schema.kafka_ingest"
          ]
        }
      ]
    },
    {
      "mode": "managed",
      "type": "snowflake_table",
      "name": "sensor_landing",
      "provider": "provider[\"registry.terraform.io/snowflake-labs/snowflake\"]",
      "instances": [
        {
          "schema_version": 0,
          "attributes": {
            "change_tracking": false,
            "cluster_by": [],
            "column": [
              {
                "collate": "",
                "comment": "",
                "default": [],
                "identity": [],
                "masking_policy": "",
                "name": "SENSOR_ID",
                "nullable": true,
                "type": "VARCHAR(16777216)"
              },
              {
                "collate": "",
                "comment": "",
                "default": [],
                "identity": [],
                "masking_policy": "",
                "name": "METRIC_NAME",
                "nullable": true,
                "type": "VARCHAR(16777216)"
              },
              {
                "collate": "",
                "comment": "",
                "default": [],
                "identity": [],
                "masking_policy": "",
                "name": "METRIC_VALUE",
                "nullable": true,
                "type": "FLOAT"
              },
              {
                "collate": "",
                "comment": "",
                "default": [],
                "identity": [],
                "masking_policy": "",
                "name": "INGESTION_TIMESTAMP",
                "nullable": true,
                "type": "TIMESTAMP_NTZ(9)"
              }
            ],
            "comment": "",
            "data_retention_time_in_days": -1,
            "database": "MFG_BRONZE_DB",
            "id": "MFG_BRONZE_DB|RAW_DATA|SENSOR_DATA_LANDING",
            "name": "SENSOR_DATA_LANDING",
            "owner": "ACCOUNTADMIN",
            "primary_key": [],
            "qualified_name": "\"MFG_BRONZE_DB\".\"RAW_DATA\".\"SENSOR_DATA_LANDING\"",
            "schema": "RAW_DATA",
            "tag": []
          },
          "sensitive_attributes": [],
          "private": "bnVsbA==",
          "dependencies": [
            "snowflake_database.bronze",
            "snowflake_schema.bronze_raw"
          ]
        }
      ]
    },
    {
      "mode": "managed",
      "type": "snowflake_warehouse",
      "name": "dbt_wh",
      "provider": "provider[\"registry.terraform.io/snowflake-labs/snowflake\"]",
      "instances": [
        {
          "schema_version": 0,
          "attributes": {
            "auto_resume": true,
            "auto_suspend": 60,
            "comment": "",
            "enable_query_acceleration": false,
            "id": "DBT_TRANSFORM_WH",
            "initially_suspended": null,
            "max_cluster_count": 1,
            "max_concurrency_level": 8,
            "min_cluster_count": 1,
            "name": "DBT_TRANSFORM_WH",
            "query_acceleration_max_scale_factor": 8,
            "resource_monitor": "null",
            "scaling_policy": "STANDARD",
            "statement_queued_timeout_in_seconds": 0,
            "statement_timeout_in_seconds": 172800,
            "wait_for_provisioning": null,
            "warehouse_size": "XSMALL",
            "warehouse_type": "STANDARD"
          },
          "sensitive_attributes": [],
          "private": "bnVsbA=="
        }
      ]
    },
    {
      "mode": "managed",
      "type": "snowflake_warehouse",
      "name": "ingest_wh",
      "provider": "provider[\"registry.terraform.io/snowflake-labs/snowflake\"]",
      "instances": [
        {
          "schema_version": 0,
          "attributes": {
            "auto_resume": true,
            "auto_suspend": 60,
            "comment": "",
            "enable_query_acceleration": false,
            "id": "INGEST_WH",
            "initially_suspended": null,
            "max_cluster_count": 1,
            "max_concurrency_level": 8,
            "min_cluster_count": 1,
            "name": "INGEST_WH",
            "query_acceleration_max_scale_factor": 8,
            "resource_monitor": "null",
            "scaling_policy": "STANDARD",
            "statement_queued_timeout_in_seconds": 0,
            "statement_timeout_in_seconds": 172800,
            "wait_for_provisioning": null,
            "warehouse_size": "XSMALL",
            "warehouse_type": "STANDARD"
          },
          "sensitive_attributes": [],
          "private": "bnVsbA=="
        }
      ]
    }
  ],
  "check_results": null
}
